// !$*UTF8*$!
{
	archiveVersion = 1;
	classes = {
	};
	objectVersion = 50;
	objects = {

/* Begin PBXBuildFile section */
		CF5B6A9623592F650031C939 /* CoreDataHelper.swift in Sources */ = {isa = PBXBuildFile; fileRef = CF5B6A9523592F650031C939 /* CoreDataHelper.swift */; };
		CFF96FA4235912FD0022E970 /* AppDelegate.swift in Sources */ = {isa = PBXBuildFile; fileRef = CFF96FA3235912FD0022E970 /* AppDelegate.swift */; };
		CFF96FA6235912FD0022E970 /* ListProductsViewController.swift in Sources */ = {isa = PBXBuildFile; fileRef = CFF96FA5235912FD0022E970 /* ListProductsViewController.swift */; };
		CFF96FA9235912FD0022E970 /* Main.storyboard in Resources */ = {isa = PBXBuildFile; fileRef = CFF96FA7235912FD0022E970 /* Main.storyboard */; };
		CFF96FAC235912FD0022E970 /* primir.xcdatamodeld in Sources */ = {isa = PBXBuildFile; fileRef = CFF96FAA235912FD0022E970 /* primir.xcdatamodeld */; };
		CFF96FAE235913010022E970 /* Assets.xcassets in Resources */ = {isa = PBXBuildFile; fileRef = CFF96FAD235913010022E970 /* Assets.xcassets */; };
		CFF96FB1235913010022E970 /* LaunchScreen.storyboard in Resources */ = {isa = PBXBuildFile; fileRef = CFF96FAF235913010022E970 /* LaunchScreen.storyboard */; };
		CFF96FBD2359149E0022E970 /* DisplayProductsViewController.swift in Sources */ = {isa = PBXBuildFile; fileRef = CFF96FBC2359149E0022E970 /* DisplayProductsViewController.swift */; };
		CFF96FBF235914D20022E970 /* ListProductsTableViewCell.swift in Sources */ = {isa = PBXBuildFile; fileRef = CFF96FBE235914D20022E970 /* ListProductsTableViewCell.swift */; };
		CFF96FC1235915040022E970 /* Date+convertToString.swift in Sources */ = {isa = PBXBuildFile; fileRef = CFF96FC0235915040022E970 /* Date+convertToString.swift */; };
/* End PBXBuildFile section */

/* Begin PBXFileReference section */
		CF5B6A9523592F650031C939 /* CoreDataHelper.swift */ = {isa = PBXFileReference; lastKnownFileType = sourcecode.swift; path = CoreDataHelper.swift; sourceTree = "<group>"; };
		CFF96FA0235912FD0022E970 /* primir.app */ = {isa = PBXFileReference; explicitFileType = wrapper.application; includeInIndex = 0; path = primir.app; sourceTree = BUILT_PRODUCTS_DIR; };
		CFF96FA3235912FD0022E970 /* AppDelegate.swift */ = {isa = PBXFileReference; lastKnownFileType = sourcecode.swift; path = AppDelegate.swift; sourceTree = "<group>"; };
		CFF96FA5235912FD0022E970 /* ListProductsViewController.swift */ = {isa = PBXFileReference; lastKnownFileType = sourcecode.swift; path = ListProductsViewController.swift; sourceTree = "<group>"; };
		CFF96FA8235912FD0022E970 /* Base */ = {isa = PBXFileReference; lastKnownFileType = file.storyboard; name = Base; path = Base.lproj/Main.storyboard; sourceTree = "<group>"; };
		CFF96FAB235912FD0022E970 /* primir.xcdatamodel */ = {isa = PBXFileReference; lastKnownFileType = wrapper.xcdatamodel; path = primir.xcdatamodel; sourceTree = "<group>"; };
		CFF96FAD235913010022E970 /* Assets.xcassets */ = {isa = PBXFileReference; lastKnownFileType = folder.assetcatalog; path = Assets.xcassets; sourceTree = "<group>"; };
		CFF96FB0235913010022E970 /* Base */ = {isa = PBXFileReference; lastKnownFileType = file.storyboard; name = Base; path = Base.lproj/LaunchScreen.storyboard; sourceTree = "<group>"; };
		CFF96FB2235913010022E970 /* Info.plist */ = {isa = PBXFileReference; lastKnownFileType = text.plist.xml; path = Info.plist; sourceTree = "<group>"; };
		CFF96FBC2359149E0022E970 /* DisplayProductsViewController.swift */ = {isa = PBXFileReference; lastKnownFileType = sourcecode.swift; path = DisplayProductsViewController.swift; sourceTree = "<group>"; };
		CFF96FBE235914D20022E970 /* ListProductsTableViewCell.swift */ = {isa = PBXFileReference; lastKnownFileType = sourcecode.swift; path = ListProductsTableViewCell.swift; sourceTree = "<group>"; };
		CFF96FC0235915040022E970 /* Date+convertToString.swift */ = {isa = PBXFileReference; lastKnownFileType = sourcecode.swift; path = "Date+convertToString.swift"; sourceTree = "<group>"; };
/* End PBXFileReference section */

/* Begin PBXFrameworksBuildPhase section */
		CFF96F9D235912FD0022E970 /* Frameworks */ = {
			isa = PBXFrameworksBuildPhase;
			buildActionMask = 2147483647;
			files = (
			);
			runOnlyForDeploymentPostprocessing = 0;
		};
/* End PBXFrameworksBuildPhase section */

/* Begin PBXGroup section */
		CFF96F97235912FD0022E970 = {
			isa = PBXGroup;
			children = (
				CFF96FA2235912FD0022E970 /* primir */,
				CFF96FA1235912FD0022E970 /* Products */,
			);
			sourceTree = "<group>";
		};
		CFF96FA1235912FD0022E970 /* Products */ = {
			isa = PBXGroup;
			children = (
				CFF96FA0235912FD0022E970 /* primir.app */,
			);
			name = Products;
			sourceTree = "<group>";
		};
		CFF96FA2235912FD0022E970 /* primir */ = {
			isa = PBXGroup;
			children = (
				CFF96FBB2359145B0022E970 /* Views */,
				CFF96FBA235914430022E970 /* Controllers */,
				CFF96FB92359142B0022E970 /* Extensions */,
				CFF96FB82359140C0022E970 /* Helpers */,
				CFF96FA3235912FD0022E970 /* AppDelegate.swift */,
				CFF96FA7235912FD0022E970 /* Main.storyboard */,
				CFF96FAD235913010022E970 /* Assets.xcassets */,
				CFF96FAF235913010022E970 /* LaunchScreen.storyboard */,
				CFF96FB2235913010022E970 /* Info.plist */,
				CFF96FAA235912FD0022E970 /* primir.xcdatamodeld */,
			);
			path = primir;
			sourceTree = "<group>";
		};
		CFF96FB82359140C0022E970 /* Helpers */ = {
			isa = PBXGroup;
			children = (
				CF5B6A9523592F650031C939 /* CoreDataHelper.swift */,
			);
			path = Helpers;
			sourceTree = "<group>";
		};
		CFF96FB92359142B0022E970 /* Extensions */ = {
			isa = PBXGroup;
			children = (
				CFF96FC0235915040022E970 /* Date+convertToString.swift */,
			);
			path = Extensions;
			sourceTree = "<group>";
		};
		CFF96FBA235914430022E970 /* Controllers */ = {
			isa = PBXGroup;
			children = (
				CFF96FA5235912FD0022E970 /* ListProductsViewController.swift */,
				CFF96FBC2359149E0022E970 /* DisplayProductsViewController.swift */,
			);
			path = Controllers;
			sourceTree = "<group>";
		};
		CFF96FBB2359145B0022E970 /* Views */ = {
			isa = PBXGroup;
			children = (
				CFF96FBE235914D20022E970 /* ListProductsTableViewCell.swift */,
			);
			path = Views;
			sourceTree = "<group>";
		};
/* End PBXGroup section */

/* Begin PBXNativeTarget section */
		CFF96F9F235912FD0022E970 /* primir */ = {
			isa = PBXNativeTarget;
			buildConfigurationList = CFF96FB5235913010022E970 /* Build configuration list for PBXNativeTarget "primir" */;
			buildPhases = (
				CFF96F9C235912FD0022E970 /* Sources */,
				CFF96F9D235912FD0022E970 /* Frameworks */,
				CFF96F9E235912FD0022E970 /* Resources */,
			);
			buildRules = (
			);
			dependencies = (
			);
			name = primir;
			productName = primir;
			productReference = CFF96FA0235912FD0022E970 /* primir.app */;
			productType = "com.apple.product-type.application";
		};
/* End PBXNativeTarget section */

/* Begin PBXProject section */
		CFF96F98235912FD0022E970 /* Project object */ = {
			isa = PBXProject;
			attributes = {
				LastSwiftUpdateCheck = 1030;
				LastUpgradeCheck = 1030;
				ORGANIZATIONNAME = "Anika Morris";
				TargetAttributes = {
					CFF96F9F235912FD0022E970 = {
						CreatedOnToolsVersion = 10.3;
					};
				};
			};
			buildConfigurationList = CFF96F9B235912FD0022E970 /* Build configuration list for PBXProject "primir" */;
			compatibilityVersion = "Xcode 9.3";
			developmentRegion = en;
			hasScannedForEncodings = 0;
			knownRegions = (
				en,
				Base,
			);
			mainGroup = CFF96F97235912FD0022E970;
			productRefGroup = CFF96FA1235912FD0022E970 /* Products */;
			projectDirPath = "";
			projectRoot = "";
			targets = (
				CFF96F9F235912FD0022E970 /* primir */,
			);
		};
/* End PBXProject section */

/* Begin PBXResourcesBuildPhase section */
		CFF96F9E235912FD0022E970 /* Resources */ = {
			isa = PBXResourcesBuildPhase;
			buildActionMask = 2147483647;
			files = (
				CFF96FB1235913010022E970 /* LaunchScreen.storyboard in Resources */,
				CFF96FAE235913010022E970 /* Assets.xcassets in Resources */,
				CFF96FA9235912FD0022E970 /* Main.storyboard in Resources */,
			);
			runOnlyForDeploymentPostprocessing = 0;
		};
/* End PBXResourcesBuildPhase section */

/* Begin PBXSourcesBuildPhase section */
		CFF96F9C235912FD0022E970 /* Sources */ = {
			isa = PBXSourcesBuildPhase;
			buildActionMask = 2147483647;
			files = (
				CFF96FA6235912FD0022E970 /* ListProductsViewController.swift in Sources */,
				CFF96FAC235912FD0022E970 /* primir.xcdatamodeld in Sources */,
				CFF96FA4235912FD0022E970 /* AppDelegate.swift in Sources */,
				CF5B6A9623592F650031C939 /* CoreDataHelper.swift in Sources */,
				CFF96FC1235915040022E970 /* Date+convertToString.swift in Sources */,
				CFF96FBD2359149E0022E970 /* DisplayProductsViewController.swift in Sources */,
				CFF96FBF235914D20022E970 /* ListProductsTableViewCell.swift in Sources */,
			);
			runOnlyForDeploymentPostprocessing = 0;
		};
/* End PBXSourcesBuildPhase section */

/* Begin PBXVariantGroup section */
		CFF96FA7235912FD0022E970 /* Main.storyboard */ = {
			isa = PBXVariantGroup;
			children = (
				CFF96FA8235912FD0022E970 /* Base */,
			);
			name = Main.storyboard;
			sourceTree = "<group>";
		};
		CFF96FAF235913010022E970 /* LaunchScreen.storyboard */ = {
			isa = PBXVariantGroup;
			children = (
				CFF96FB0235913010022E970 /* Base */,
			);
			name = LaunchScreen.storyboard;
			sourceTree = "<group>";
		};
/* End PBXVariantGroup section */

/* Begin XCBuildConfiguration section */
		CFF96FB3235913010022E970 /* Debug */ = {
			isa = XCBuildConfiguration;
			buildSettings = {
				ALWAYS_SEARCH_USER_PATHS = NO;
				CLANG_ANALYZER_NONNULL = YES;
				CLANG_ANALYZER_NUMBER_OBJECT_CONVERSION = YES_AGGRESSIVE;
				CLANG_CXX_LANGUAGE_STANDARD = "gnu++14";
				CLANG_CXX_LIBRARY = "libc++";
				CLANG_ENABLE_MODULES = YES;
				CLANG_ENABLE_OBJC_ARC = YES;
				CLANG_ENABLE_OBJC_WEAK = YES;
				CLANG_WARN_BLOCK_CAPTURE_AUTORELEASING = YES;
				CLANG_WARN_BOOL_CONVERSION = YES;
				CLANG_WARN_COMMA = YES;
				CLANG_WARN_CONSTANT_CONVERSION = YES;
				CLANG_WARN_DEPRECATED_OBJC_IMPLEMENTATIONS = YES;
				CLANG_WARN_DIRECT_OBJC_ISA_USAGE = YES_ERROR;
				CLANG_WARN_DOCUMENTATION_COMMENTS = YES;
				CLANG_WARN_EMPTY_BODY = YES;
				CLANG_WARN_ENUM_CONVERSION = YES;
				CLANG_WARN_INFINITE_RECURSION = YES;
				CLANG_WARN_INT_CONVERSION = YES;
				CLANG_WARN_NON_LITERAL_NULL_CONVERSION = YES;
				CLANG_WARN_OBJC_IMPLICIT_RETAIN_SELF = YES;
				CLANG_WARN_OBJC_LITERAL_CONVERSION = YES;
				CLANG_WARN_OBJC_ROOT_CLASS = YES_ERROR;
				CLANG_WARN_RANGE_LOOP_ANALYSIS = YES;
				CLANG_WARN_STRICT_PROTOTYPES = YES;
				CLANG_WARN_SUSPICIOUS_MOVE = YES;
				CLANG_WARN_UNGUARDED_AVAILABILITY = YES_AGGRESSIVE;
				CLANG_WARN_UNREACHABLE_CODE = YES;
				CLANG_WARN__DUPLICATE_METHOD_MATCH = YES;
				CODE_SIGN_IDENTITY = "iPhone Developer";
				COPY_PHASE_STRIP = NO;
				DEBUG_INFORMATION_FORMAT = dwarf;
				ENABLE_STRICT_OBJC_MSGSEND = YES;
				ENABLE_TESTABILITY = YES;
				GCC_C_LANGUAGE_STANDARD = gnu11;
				GCC_DYNAMIC_NO_PIC = NO;
				GCC_NO_COMMON_BLOCKS = YES;
				GCC_OPTIMIZATION_LEVEL = 0;
				GCC_PREPROCESSOR_DEFINITIONS = (
					"DEBUG=1",
					"$(inherited)",
				);
				GCC_WARN_64_TO_32_BIT_CONVERSION = YES;
				GCC_WARN_ABOUT_RETURN_TYPE = YES_ERROR;
				GCC_WARN_UNDECLARED_SELECTOR = YES;
				GCC_WARN_UNINITIALIZED_AUTOS = YES_AGGRESSIVE;
				GCC_WARN_UNUSED_FUNCTION = YES;
				GCC_WARN_UNUSED_VARIABLE = YES;
				IPHONEOS_DEPLOYMENT_TARGET = 12.4;
				MTL_ENABLE_DEBUG_INFO = INCLUDE_SOURCE;
				MTL_FAST_MATH = YES;
				ONLY_ACTIVE_ARCH = YES;
				SDKROOT = iphoneos;
				SWIFT_ACTIVE_COMPILATION_CONDITIONS = DEBUG;
				SWIFT_OPTIMIZATION_LEVEL = "-Onone";
			};
			name = Debug;
		};
		CFF96FB4235913010022E970 /* Release */ = {
			isa = XCBuildConfiguration;
			buildSettings = {
				ALWAYS_SEARCH_USER_PATHS = NO;
				CLANG_ANALYZER_NONNULL = YES;
				CLANG_ANALYZER_NUMBER_OBJECT_CONVERSION = YES_AGGRESSIVE;
				CLANG_CXX_LANGUAGE_STANDARD = "gnu++14";
				CLANG_CXX_LIBRARY = "libc++";
				CLANG_ENABLE_MODULES = YES;
				CLANG_ENABLE_OBJC_ARC = YES;
				CLANG_ENABLE_OBJC_WEAK = YES;
				CLANG_WARN_BLOCK_CAPTURE_AUTORELEASING = YES;
				CLANG_WARN_BOOL_CONVERSION = YES;
				CLANG_WARN_COMMA = YES;
				CLANG_WARN_CONSTANT_CONVERSION = YES;
				CLANG_WARN_DEPRECATED_OBJC_IMPLEMENTATIONS = YES;
				CLANG_WARN_DIRECT_OBJC_ISA_USAGE = YES_ERROR;
				CLANG_WARN_DOCUMENTATION_COMMENTS = YES;
				CLANG_WARN_EMPTY_BODY = YES;
				CLANG_WARN_ENUM_CONVERSION = YES;
				CLANG_WARN_INFINITE_RECURSION = YES;
				CLANG_WARN_INT_CONVERSION = YES;
				CLANG_WARN_NON_LITERAL_NULL_CONVERSION = YES;
				CLANG_WARN_OBJC_IMPLICIT_RETAIN_SELF = YES;
				CLANG_WARN_OBJC_LITERAL_CONVERSION = YES;
				CLANG_WARN_OBJC_ROOT_CLASS = YES_ERROR;
				CLANG_WARN_RANGE_LOOP_ANALYSIS = YES;
				CLANG_WARN_STRICT_PROTOTYPES = YES;
				CLANG_WARN_SUSPICIOUS_MOVE = YES;
				CLANG_WARN_UNGUARDED_AVAILABILITY = YES_AGGRESSIVE;
				CLANG_WARN_UNREACHABLE_CODE = YES;
				CLANG_WARN__DUPLICATE_METHOD_MATCH = YES;
				CODE_SIGN_IDENTITY = "iPhone Developer";
				COPY_PHASE_STRIP = NO;
				DEBUG_INFORMATION_FORMAT = "dwarf-with-dsym";
				ENABLE_NS_ASSERTIONS = NO;
				ENABLE_STRICT_OBJC_MSGSEND = YES;
				GCC_C_LANGUAGE_STANDARD = gnu11;
				GCC_NO_COMMON_BLOCKS = YES;
				GCC_WARN_64_TO_32_BIT_CONVERSION = YES;
				GCC_WARN_ABOUT_RETURN_TYPE = YES_ERROR;
				GCC_WARN_UNDECLARED_SELECTOR = YES;
				GCC_WARN_UNINITIALIZED_AUTOS = YES_AGGRESSIVE;
				GCC_WARN_UNUSED_FUNCTION = YES;
				GCC_WARN_UNUSED_VARIABLE = YES;
				IPHONEOS_DEPLOYMENT_TARGET = 12.4;
				MTL_ENABLE_DEBUG_INFO = NO;
				MTL_FAST_MATH = YES;
				SDKROOT = iphoneos;
				SWIFT_COMPILATION_MODE = wholemodule;
				SWIFT_OPTIMIZATION_LEVEL = "-O";
				VALIDATE_PRODUCT = YES;
			};
			name = Release;
		};
		CFF96FB6235913010022E970 /* Debug */ = {
			isa = XCBuildConfiguration;
			buildSettings = {
				ASSETCATALOG_COMPILER_APPICON_NAME = AppIcon;
				CODE_SIGN_STYLE = Automatic;
				DEVELOPMENT_TEAM = HXYM5H2DXG;
				INFOPLIST_FILE = primir/Info.plist;
				LD_RUNPATH_SEARCH_PATHS = (
					"$(inherited)",
					"@executable_path/Frameworks",
				);
				PRODUCT_BUNDLE_IDENTIFIER = com.anikamorris.primir;
				PRODUCT_NAME = "$(TARGET_NAME)";
				SWIFT_VERSION = 5.0;
				TARGETED_DEVICE_FAMILY = "1,2";
			};
			name = Debug;
		};
		CFF96FB7235913010022E970 /* Release */ = {
			isa = XCBuildConfiguration;
			buildSettings = {
				ASSETCATALOG_COMPILER_APPICON_NAME = AppIcon;
				CODE_SIGN_STYLE = Automatic;
				DEVELOPMENT_TEAM = HXYM5H2DXG;
				INFOPLIST_FILE = primir/Info.plist;
				LD_RUNPATH_SEARCH_PATHS = (
					"$(inherited)",
					"@executable_path/Frameworks",
				);
				PRODUCT_BUNDLE_IDENTIFIER = com.anikamorris.primir;
				PRODUCT_NAME = "$(TARGET_NAME)";
				SWIFT_VERSION = 5.0;
				TARGETED_DEVICE_FAMILY = "1,2";
			};
			name = Release;
		};
/* End XCBuildConfiguration section */

/* Begin XCConfigurationList section */
		CFF96F9B235912FD0022E970 /* Build configuration list for PBXProject "primir" */ = {
			isa = XCConfigurationList;
			buildConfigurations = (
				CFF96FB3235913010022E970 /* Debug */,
				CFF96FB4235913010022E970 /* Release */,
			);
			defaultConfigurationIsVisible = 0;
			defaultConfigurationName = Release;
		};
		CFF96FB5235913010022E970 /* Build configuration list for PBXNativeTarget "primir" */ = {
			isa = XCConfigurationList;
			buildConfigurations = (
				CFF96FB6235913010022E970 /* Debug */,
				CFF96FB7235913010022E970 /* Release */,
			);
			defaultConfigurationIsVisible = 0;
			defaultConfigurationName = Release;
		};
/* End XCConfigurationList section */

/* Begin XCVersionGroup section */
		CFF96FAA235912FD0022E970 /* primir.xcdatamodeld */ = {
			isa = XCVersionGroup;
			children = (
				CFF96FAB235912FD0022E970 /* primir.xcdatamodel */,
			);
			currentVersion = CFF96FAB235912FD0022E970 /* primir.xcdatamodel */;
			path = primir.xcdatamodeld;
			sourceTree = "<group>";
			versionGroupType = wrapper.xcdatamodel;
		};
/* End XCVersionGroup section */
	};
	rootObject = CFF96F98235912FD0022E970 /* Project object */;
}
